
Microsoft Visual Studio Solution File, Format Version 12.00
# Visual Studio 15
VisualStudioVersion = 15.0.28307.1082
MinimumVisualStudioVersion = 10.0.40219.1
Project("{8BC9CEB8-8B4A-11D0-8D11-00A0C91BC942}") = "sgHexGrid", "sgHexGrid\sgHexGrid.vcxproj", "{385A2590-4788-413A-8AF7-967F4CEDC868}"
EndProject
Project("{8BC9CEB8-8B4A-11D0-8D11-00A0C91BC942}") = "Test1Class", "Test1Class\Test1Class.vcxproj", "{3D6E3D69-2DF0-44A0-8E13-AC71C044A14F}"
EndProject
Project("{8BC9CEB8-8B4A-11D0-8D11-00A0C91BC942}") = "Test2Class", "Test2Class\Test2Class.vcxproj", "{E5D0868D-7D7E-4872-9F27-3E9F1F1A4269}"
EndProject
Global
	GlobalSection(SolutionConfigurationPlatforms) = preSolution
		Debug|x64 = Debug|x64
		Debug|x86 = Debug|x86
		Release|x64 = Release|x64
		Release|x86 = Release|x86
	EndGlobalSection
	GlobalSection(ProjectConfigurationPlatforms) = postSolution
		{385A2590-4788-413A-8AF7-967F4CEDC868}.Debug|x64.ActiveCfg = Debug|x64
		{385A2590-4788-413A-8AF7-967F4CEDC868}.Debug|x64.Build.0 = Debug|x64
		{385A2590-4788-413A-8AF7-967F4CEDC868}.Debug|x86.ActiveCfg = Debug|Win32
		{385A2590-4788-413A-8AF7-967F4CEDC868}.Debug|x86.Build.0 = Debug|Win32
		{385A2590-4788-413A-8AF7-967F4CEDC868}.Release|x64.ActiveCfg = Release|x64
		{385A2590-4788-413A-8AF7-967F4CEDC868}.Release|x64.Build.0 = Release|x64
		{385A2590-4788-413A-8AF7-967F4CEDC868}.Release|x86.ActiveCfg = Release|Win32
		{385A2590-4788-413A-8AF7-967F4CEDC868}.Release|x86.Build.0 = Release|Win32
		{3D6E3D69-2DF0-44A0-8E13-AC71C044A14F}.Debug|x64.ActiveCfg = Debug|x64
		{3D6E3D69-2DF0-44A0-8E13-AC71C044A14F}.Debug|x64.Build.0 = Debug|x64
		{3D6E3D69-2DF0-44A0-8E13-AC71C044A14F}.Debug|x86.ActiveCfg = Debug|Win32
		{3D6E3D69-2DF0-44A0-8E13-AC71C044A14F}.Debug|x86.Build.0 = Debug|Win32
		{3D6E3D69-2DF0-44A0-8E13-AC71C044A14F}.Release|x64.ActiveCfg = Release|x64
		{3D6E3D69-2DF0-44A0-8E13-AC71C044A14F}.Release|x64.Build.0 = Release|x64
		{3D6E3D69-2DF0-44A0-8E13-AC71C044A14F}.Release|x86.ActiveCfg = Release|Win32
		{3D6E3D69-2DF0-44A0-8E13-AC71C044A14F}.Release|x86.Build.0 = Release|Win32
		{E5D0868D-7D7E-4872-9F27-3E9F1F1A4269}.Debug|x64.ActiveCfg = Debug|x64
		{E5D0868D-7D7E-4872-9F27-3E9F1F1A4269}.Debug|x64.Build.0 = Debug|x64
		{E5D0868D-7D7E-4872-9F27-3E9F1F1A4269}.Debug|x86.ActiveCfg = Debug|Win32
		{E5D0868D-7D7E-4872-9F27-3E9F1F1A4269}.Debug|x86.Build.0 = Debug|Win32
		{E5D0868D-7D7E-4872-9F27-3E9F1F1A4269}.Release|x64.ActiveCfg = Release|x64
		{E5D0868D-7D7E-4872-9F27-3E9F1F1A4269}.Release|x64.Build.0 = Release|x64
		{E5D0868D-7D7E-4872-9F27-3E9F1F1A4269}.Release|x86.ActiveCfg = Release|Win32
		{E5D0868D-7D7E-4872-9F27-3E9F1F1A4269}.Release|x86.Build.0 = Release|Win32
	EndGlobalSection
	GlobalSection(SolutionProperties) = preSolution
		HideSolutionNode = FALSE
	EndGlobalSection
	GlobalSection(ExtensibilityGlobals) = postSolution
		SolutionGuid = {5FFC65B0-F885-428C-8ED4-7A6DB84A2E82}
	EndGlobalSection
EndGlobal
