<?xml version="1.0" encoding="utf-8"?>
<Project ToolsVersion="4.0" xmlns="http://schemas.microsoft.com/developer/msbuild/2003">
  <ItemGroup>
    <Filter Include="源文件">
      <UniqueIdentifier>{4FC737F1-C7A5-4376-A066-2A32D752A2FF}</UniqueIdentifier>
      <Extensions>cpp;c;cc;cxx;def;odl;idl;hpj;bat;asm;asmx</Extensions>
    </Filter>
    <Filter Include="头文件">
      <UniqueIdentifier>{93995380-89BD-4b04-88EB-625FBE52EBFB}</UniqueIdentifier>
      <Extensions>h;hh;hpp;hxx;hm;inl;inc;ipp;xsd</Extensions>
    </Filter>
    <Filter Include="资源文件">
      <UniqueIdentifier>{67DA6AB6-F800-4c08-8B7A-83BB121AAD01}</UniqueIdentifier>
      <Extensions>rc;ico;cur;bmp;dlg;rc2;rct;bin;rgs;gif;jpg;jpeg;jpe;resx;tiff;tif;png;wav;mfcribbon-ms</Extensions>
    </Filter>
  </ItemGroup>
  <ItemGroup>
    <ClCompile Include="main.cpp">
      <Filter>源文件</Filter>
    </ClCompile>
    <ClCompile Include="Hex.cpp">
      <Filter>源文件</Filter>
    </ClCompile>
    <ClCompile Include="Cube.cpp">
      <Filter>源文件</Filter>
    </ClCompile>
    <ClCompile Include="Vec.cpp">
      <Filter>源文件</Filter>
    </ClCompile>
    <ClCompile Include="Axi.cpp">
      <Filter>源文件</Filter>
    </ClCompile>
    <ClCompile Include="Off.cpp">
      <Filter>源文件</Filter>
    </ClCompile>
    <ClCompile Include="Cell.cpp">
      <Filter>源文件</Filter>
    </ClCompile>
    <ClCompile Include="BasePoint.cpp">
      <Filter>源文件</Filter>
    </ClCompile>
    <ClCompile Include="Point2d.cpp">
      <Filter>源文件</Filter>
    </ClCompile>
    <ClCompile Include="BasePointCenter.cpp">
      <Filter>源文件</Filter>
    </ClCompile>
    <ClCompile Include="PointCenter.cpp">
      <Filter>源文件</Filter>
    </ClCompile>
    <ClCompile Include="Test.cpp">
      <Filter>源文件</Filter>
    </ClCompile>
    <ClCompile Include="PointCorner.cpp">
      <Filter>源文件</Filter>
    </ClCompile>
    <ClCompile Include="Rander.cpp">
      <Filter>源文件</Filter>
    </ClCompile>
    <ClCompile Include="Camera.cpp">
      <Filter>源文件</Filter>
    </ClCompile>
    <ClCompile Include="Coor.cpp">
      <Filter>源文件</Filter>
    </ClCompile>
  </ItemGroup>
  <ItemGroup>
    <ClInclude Include="Hex.h">
      <Filter>头文件</Filter>
    </ClInclude>
    <ClInclude Include="Cube.h">
      <Filter>头文件</Filter>
    </ClInclude>
    <ClInclude Include="Vec.h">
      <Filter>头文件</Filter>
    </ClInclude>
    <ClInclude Include="Axi.h">
      <Filter>头文件</Filter>
    </ClInclude>
    <ClInclude Include="Off.h">
      <Filter>头文件</Filter>
    </ClInclude>
    <ClInclude Include="Cell.h">
      <Filter>头文件</Filter>
    </ClInclude>
    <ClInclude Include="BasePoint.h">
      <Filter>头文件</Filter>
    </ClInclude>
    <ClInclude Include="Point2d.h">
      <Filter>头文件</Filter>
    </ClInclude>
    <ClInclude Include="BasePointCenter.h">
      <Filter>头文件</Filter>
    </ClInclude>
    <ClInclude Include="PointCenter.h">
      <Filter>头文件</Filter>
    </ClInclude>
    <ClInclude Include="Test.h">
      <Filter>头文件</Filter>
    </ClInclude>
    <ClInclude Include="PointCorner.h">
      <Filter>头文件</Filter>
    </ClInclude>
    <ClInclude Include="Rander.h">
      <Filter>头文件</Filter>
    </ClInclude>
    <ClInclude Include="Camera.h">
      <Filter>头文件</Filter>
    </ClInclude>
    <ClInclude Include="Coor.h">
      <Filter>头文件</Filter>
    </ClInclude>
  </ItemGroup>
  <ItemGroup>
    <None Include="ClassDiagram.cd" />
  </ItemGroup>
</Project>